
Microsoft Visual Studio Solution File, Format Version 12.00
# Visual Studio Version 17
VisualStudioVersion = 17.6.33829.357
MinimumVisualStudioVersion = 10.0.40219.1
Project("{FAE04EC0-301F-11D3-BF4B-00C04F79EFBC}") = "Generics Intro", "Generics Intro\Generics Intro.csproj", "{FC554892-07F1-4821-B0E1-66B901A88BFF}"
EndProject
Global
	GlobalSection(SolutionConfigurationPlatforms) = preSolution
		Debug|Any CPU = Debug|Any CPU
		Release|Any CPU = Release|Any CPU
	EndGlobalSection
	GlobalSection(ProjectConfigurationPlatforms) = postSolution
		{FC554892-07F1-4821-B0E1-66B901A88BFF}.Debug|Any CPU.ActiveCfg = Debug|Any CPU
		{FC554892-07F1-4821-B0E1-66B901A88BFF}.Debug|Any CPU.Build.0 = Debug|Any CPU
		{FC554892-07F1-4821-B0E1-66B901A88BFF}.Release|Any CPU.ActiveCfg = Release|Any CPU
		{FC554892-07F1-4821-B0E1-66B901A88BFF}.Release|Any CPU.Build.0 = Release|Any CPU
	EndGlobalSection
	GlobalSection(SolutionProperties) = preSolution
		HideSolutionNode = FALSE
	EndGlobalSection
	GlobalSection(ExtensibilityGlobals) = postSolution
		SolutionGuid = {87305F68-81C3-4F6B-9F30-65C5EB0EAB2C}
	EndGlobalSection
EndGlobal
